
Microsoft Visual Studio Solution File, Format Version 12.00
# Visual Studio Version 17
VisualStudioVersion = 17.6.33829.357
MinimumVisualStudioVersion = 10.0.40219.1
Project("{9A19103F-16F7-4668-BE54-9A1E7A4F7556}") = "DrawingLuckyNumberApp", "DrawingLuckyNumberApp\DrawingLuckyNumberApp.csproj", "{43D4799E-9732-4602-997D-F20BF28ADDDC}"
EndProject
Project("{9A19103F-16F7-4668-BE54-9A1E7A4F7556}") = "DrawingLuckyNumberModule", "DrawingLuckyNumberModule\DrawingLuckyNumberModule.csproj", "{C7382230-621A-406C-B22D-872FE84DB85F}"
EndProject
Project("{9A19103F-16F7-4668-BE54-9A1E7A4F7556}") = "ResultsModule", "ResultsModule\ResultsModule.csproj", "{B9D51268-46B5-43AA-A73C-6C0C514E71B1}"
EndProject
Project("{9A19103F-16F7-4668-BE54-9A1E7A4F7556}") = "DrawingLuckyNumber.Core", "DrawingLuckyNumber.Core\DrawingLuckyNumber.Core.csproj", "{E6ED83B3-5E9F-4440-986B-5611DA5B95A0}"
EndProject
Project("{9A19103F-16F7-4668-BE54-9A1E7A4F7556}") = "DrawingLuckyNumber.Infrastructure", "DrawingLuckyNumber.Infrastructure\DrawingLuckyNumber.Infrastructure.csproj", "{23728056-C6C9-4F29-A6B1-47D7A2F899CC}"
EndProject
Project("{9A19103F-16F7-4668-BE54-9A1E7A4F7556}") = "DrawingLuckyNumberModule.Tests", "DrawingLuckyNumberModule.Tests\DrawingLuckyNumberModule.Tests.csproj", "{BC8CB19D-EB7F-4BC2-B98C-C1C5ED9375D2}"
EndProject
Project("{FAE04EC0-301F-11D3-BF4B-00C04F79EFBC}") = "DrawingLuckyNumberApp.UI", "DrawingLuckyNumberApp.UI\DrawingLuckyNumberApp.UI.csproj", "{EF8ACB84-2311-456F-B048-E14B1B80EC2F}"
EndProject
Global
	GlobalSection(SolutionConfigurationPlatforms) = preSolution
		Debug|Any CPU = Debug|Any CPU
		Release|Any CPU = Release|Any CPU
	EndGlobalSection
	GlobalSection(ProjectConfigurationPlatforms) = postSolution
		{43D4799E-9732-4602-997D-F20BF28ADDDC}.Debug|Any CPU.ActiveCfg = Debug|Any CPU
		{43D4799E-9732-4602-997D-F20BF28ADDDC}.Debug|Any CPU.Build.0 = Debug|Any CPU
		{43D4799E-9732-4602-997D-F20BF28ADDDC}.Release|Any CPU.ActiveCfg = Release|Any CPU
		{43D4799E-9732-4602-997D-F20BF28ADDDC}.Release|Any CPU.Build.0 = Release|Any CPU
		{C7382230-621A-406C-B22D-872FE84DB85F}.Debug|Any CPU.ActiveCfg = Debug|Any CPU
		{C7382230-621A-406C-B22D-872FE84DB85F}.Debug|Any CPU.Build.0 = Debug|Any CPU
		{C7382230-621A-406C-B22D-872FE84DB85F}.Release|Any CPU.ActiveCfg = Release|Any CPU
		{C7382230-621A-406C-B22D-872FE84DB85F}.Release|Any CPU.Build.0 = Release|Any CPU
		{B9D51268-46B5-43AA-A73C-6C0C514E71B1}.Debug|Any CPU.ActiveCfg = Debug|Any CPU
		{B9D51268-46B5-43AA-A73C-6C0C514E71B1}.Debug|Any CPU.Build.0 = Debug|Any CPU
		{B9D51268-46B5-43AA-A73C-6C0C514E71B1}.Release|Any CPU.ActiveCfg = Release|Any CPU
		{B9D51268-46B5-43AA-A73C-6C0C514E71B1}.Release|Any CPU.Build.0 = Release|Any CPU
		{E6ED83B3-5E9F-4440-986B-5611DA5B95A0}.Debug|Any CPU.ActiveCfg = Debug|Any CPU
		{E6ED83B3-5E9F-4440-986B-5611DA5B95A0}.Debug|Any CPU.Build.0 = Debug|Any CPU
		{E6ED83B3-5E9F-4440-986B-5611DA5B95A0}.Release|Any CPU.ActiveCfg = Release|Any CPU
		{E6ED83B3-5E9F-4440-986B-5611DA5B95A0}.Release|Any CPU.Build.0 = Release|Any CPU
		{23728056-C6C9-4F29-A6B1-47D7A2F899CC}.Debug|Any CPU.ActiveCfg = Debug|Any CPU
		{23728056-C6C9-4F29-A6B1-47D7A2F899CC}.Debug|Any CPU.Build.0 = Debug|Any CPU
		{23728056-C6C9-4F29-A6B1-47D7A2F899CC}.Release|Any CPU.ActiveCfg = Release|Any CPU
		{23728056-C6C9-4F29-A6B1-47D7A2F899CC}.Release|Any CPU.Build.0 = Release|Any CPU
		{BC8CB19D-EB7F-4BC2-B98C-C1C5ED9375D2}.Debug|Any CPU.ActiveCfg = Debug|Any CPU
		{BC8CB19D-EB7F-4BC2-B98C-C1C5ED9375D2}.Debug|Any CPU.Build.0 = Debug|Any CPU
		{BC8CB19D-EB7F-4BC2-B98C-C1C5ED9375D2}.Release|Any CPU.ActiveCfg = Release|Any CPU
		{BC8CB19D-EB7F-4BC2-B98C-C1C5ED9375D2}.Release|Any CPU.Build.0 = Release|Any CPU
		{EF8ACB84-2311-456F-B048-E14B1B80EC2F}.Debug|Any CPU.ActiveCfg = Debug|Any CPU
		{EF8ACB84-2311-456F-B048-E14B1B80EC2F}.Debug|Any CPU.Build.0 = Debug|Any CPU
		{EF8ACB84-2311-456F-B048-E14B1B80EC2F}.Release|Any CPU.ActiveCfg = Release|Any CPU
		{EF8ACB84-2311-456F-B048-E14B1B80EC2F}.Release|Any CPU.Build.0 = Release|Any CPU
	EndGlobalSection
	GlobalSection(SolutionProperties) = preSolution
		HideSolutionNode = FALSE
	EndGlobalSection
	GlobalSection(ExtensibilityGlobals) = postSolution
		SolutionGuid = {FEEF7A57-5BAD-47CA-8C72-6DDF9D4AC4B2}
	EndGlobalSection
EndGlobal
