
Microsoft Visual Studio Solution File, Format Version 12.00
# Visual Studio Version 17
VisualStudioVersion = 17.6.33829.357
MinimumVisualStudioVersion = 10.0.40219.1
Project("{9A19103F-16F7-4668-BE54-9A1E7A4F7556}") = "SimpleButtonsAppMultipleDelays", "SimpleButtonsAppMultipleDelays\SimpleButtonsAppMultipleDelays.csproj", "{43D4799E-9732-4602-997D-F20BF28ADDDC}"
EndProject
Global
	GlobalSection(SolutionConfigurationPlatforms) = preSolution
		Debug|Any CPU = Debug|Any CPU
		Release|Any CPU = Release|Any CPU
	EndGlobalSection
	GlobalSection(ProjectConfigurationPlatforms) = postSolution
		{43D4799E-9732-4602-997D-F20BF28ADDDC}.Debug|Any CPU.ActiveCfg = Debug|Any CPU
		{43D4799E-9732-4602-997D-F20BF28ADDDC}.Debug|Any CPU.Build.0 = Debug|Any CPU
		{43D4799E-9732-4602-997D-F20BF28ADDDC}.Release|Any CPU.ActiveCfg = Release|Any CPU
		{43D4799E-9732-4602-997D-F20BF28ADDDC}.Release|Any CPU.Build.0 = Release|Any CPU
	EndGlobalSection
	GlobalSection(SolutionProperties) = preSolution
		HideSolutionNode = FALSE
	EndGlobalSection
	GlobalSection(ExtensibilityGlobals) = postSolution
		SolutionGuid = {FEEF7A57-5BAD-47CA-8C72-6DDF9D4AC4B2}
	EndGlobalSection
EndGlobal
